{
    "_meta": {
        "hash": {
            "sha256": "4856132e873b49ba241c680939ed119039a4b89795c898fddb177a440438ff18"
        },
        "pipfile-spec": 6,
        "requires": {
            "python_version": "3.10"
        },
        "sources": [
            {
                "name": "pypi",
                "url": "https://pypi.org/simple",
                "verify_ssl": true
            }
        ]
    },
    "default": {
        "async-timeout": {
            "hashes": [
                "sha256:2163e1640ddb52b7a8c80d0a67a08587e5d245cc9c553a74a847056bc2976b15",
                "sha256:8ca1e4fcf50d07413d66d1a5e416e42cfdf5851c981d679a09851a6853383b3c"
            ],
            "markers": "python_version >= '3.6'",
            "version": "==4.0.2"
        },
        "asyncio": {
            "hashes": [
                "sha256:83360ff8bc97980e4ff25c964c7bd3923d333d177aa4f7fb736b019f26c7cb41",
                "sha256:b62c9157d36187eca799c378e572c969f0da87cd5fc42ca372d92cdb06e7e1de",
                "sha256:c46a87b48213d7464f22d9a497b9eef8c1928b68320a2fa94240f969f6fec08c",
                "sha256:c4d18b22701821de07bd6aea8b53d21449ec0ec5680645e5317062ea21817d2d"
            ],
            "version": "==3.4.3"
        },
        "bleak": {
            "hashes": [
                "sha256:5878871f7ba36ad49183e37e49856d3b165c012b4d3065fbeb477ddba26c3922",
                "sha256:d6c3d81a03ec92d19e504de7f92f903520dbae38b823433aadc85e9c43cbdab7"
            ],
            "markers": "python_version >= '3.7' and python_version < '4.0'",
            "version": "==0.18.1"
        },
        "certifi": {
            "hashes": [
                "sha256:35824b4c3a97115964b408844d64aa14db1cc518f6562e8d7261699d1350a9e3",
                "sha256:4ad3232f5e926d6718ec31cfc1fcadfde020920e278684144551c91769c7bc18"
            ],
            "markers": "python_version >= '3.6'",
            "version": "==2022.12.7"
        },
        "charset-normalizer": {
            "hashes": [
                "sha256:00d3ffdaafe92a5dc603cb9bd5111aaa36dfa187c8285c543be562e61b755f6b",
                "sha256:024e606be3ed92216e2b6952ed859d86b4cfa52cd5bc5f050e7dc28f9b43ec42",
                "sha256:0298eafff88c99982a4cf66ba2efa1128e4ddaca0b05eec4c456bbc7db691d8d",
                "sha256:02a51034802cbf38db3f89c66fb5d2ec57e6fe7ef2f4a44d070a593c3688667b",
                "sha256:083c8d17153ecb403e5e1eb76a7ef4babfc2c48d58899c98fcaa04833e7a2f9a",
                "sha256:0a11e971ed097d24c534c037d298ad32c6ce81a45736d31e0ff0ad37ab437d59",
                "sha256:0bf2dae5291758b6f84cf923bfaa285632816007db0330002fa1de38bfcb7154",
                "sha256:0c0a590235ccd933d9892c627dec5bc7511ce6ad6c1011fdf5b11363022746c1",
                "sha256:0f438ae3532723fb6ead77e7c604be7c8374094ef4ee2c5e03a3a17f1fca256c",
                "sha256:109487860ef6a328f3eec66f2bf78b0b72400280d8f8ea05f69c51644ba6521a",
                "sha256:11b53acf2411c3b09e6af37e4b9005cba376c872503c8f28218c7243582df45d",
                "sha256:12db3b2c533c23ab812c2b25934f60383361f8a376ae272665f8e48b88e8e1c6",
                "sha256:14e76c0f23218b8f46c4d87018ca2e441535aed3632ca134b10239dfb6dadd6b",
                "sha256:16a8663d6e281208d78806dbe14ee9903715361cf81f6d4309944e4d1e59ac5b",
                "sha256:292d5e8ba896bbfd6334b096e34bffb56161c81408d6d036a7dfa6929cff8783",
                "sha256:2c03cc56021a4bd59be889c2b9257dae13bf55041a3372d3295416f86b295fb5",
                "sha256:2e396d70bc4ef5325b72b593a72c8979999aa52fb8bcf03f701c1b03e1166918",
                "sha256:2edb64ee7bf1ed524a1da60cdcd2e1f6e2b4f66ef7c077680739f1641f62f555",
                "sha256:31a9ddf4718d10ae04d9b18801bd776693487cbb57d74cc3458a7673f6f34639",
                "sha256:356541bf4381fa35856dafa6a965916e54bed415ad8a24ee6de6e37deccf2786",
                "sha256:358a7c4cb8ba9b46c453b1dd8d9e431452d5249072e4f56cfda3149f6ab1405e",
                "sha256:37f8febc8ec50c14f3ec9637505f28e58d4f66752207ea177c1d67df25da5aed",
                "sha256:39049da0ffb96c8cbb65cbf5c5f3ca3168990adf3551bd1dee10c48fce8ae820",
                "sha256:39cf9ed17fe3b1bc81f33c9ceb6ce67683ee7526e65fde1447c772afc54a1bb8",
                "sha256:3ae1de54a77dc0d6d5fcf623290af4266412a7c4be0b1ff7444394f03f5c54e3",
                "sha256:3b590df687e3c5ee0deef9fc8c547d81986d9a1b56073d82de008744452d6541",
                "sha256:3e45867f1f2ab0711d60c6c71746ac53537f1684baa699f4f668d4c6f6ce8e14",
                "sha256:3fc1c4a2ffd64890aebdb3f97e1278b0cc72579a08ca4de8cd2c04799a3a22be",
                "sha256:4457ea6774b5611f4bed5eaa5df55f70abde42364d498c5134b7ef4c6958e20e",
                "sha256:44ba614de5361b3e5278e1241fda3dc1838deed864b50a10d7ce92983797fa76",
                "sha256:4a8fcf28c05c1f6d7e177a9a46a1c52798bfe2ad80681d275b10dcf317deaf0b",
                "sha256:4b0d02d7102dd0f997580b51edc4cebcf2ab6397a7edf89f1c73b586c614272c",
                "sha256:502218f52498a36d6bf5ea77081844017bf7982cdbe521ad85e64cabee1b608b",
                "sha256:503e65837c71b875ecdd733877d852adbc465bd82c768a067badd953bf1bc5a3",
                "sha256:5995f0164fa7df59db4746112fec3f49c461dd6b31b841873443bdb077c13cfc",
                "sha256:59e5686dd847347e55dffcc191a96622f016bc0ad89105e24c14e0d6305acbc6",
                "sha256:601f36512f9e28f029d9481bdaf8e89e5148ac5d89cffd3b05cd533eeb423b59",
                "sha256:608862a7bf6957f2333fc54ab4399e405baad0163dc9f8d99cb236816db169d4",
                "sha256:62595ab75873d50d57323a91dd03e6966eb79c41fa834b7a1661ed043b2d404d",
                "sha256:70990b9c51340e4044cfc394a81f614f3f90d41397104d226f21e66de668730d",
                "sha256:71140351489970dfe5e60fc621ada3e0f41104a5eddaca47a7acb3c1b851d6d3",
                "sha256:72966d1b297c741541ca8cf1223ff262a6febe52481af742036a0b296e35fa5a",
                "sha256:74292fc76c905c0ef095fe11e188a32ebd03bc38f3f3e9bcb85e4e6db177b7ea",
                "sha256:761e8904c07ad053d285670f36dd94e1b6ab7f16ce62b9805c475b7aa1cffde6",
                "sha256:772b87914ff1152b92a197ef4ea40efe27a378606c39446ded52c8f80f79702e",
                "sha256:79909e27e8e4fcc9db4addea88aa63f6423ebb171db091fb4373e3312cb6d603",
                "sha256:7e189e2e1d3ed2f4aebabd2d5b0f931e883676e51c7624826e0a4e5fe8a0bf24",
                "sha256:7eb33a30d75562222b64f569c642ff3dc6689e09adda43a082208397f016c39a",
                "sha256:81d6741ab457d14fdedc215516665050f3822d3e56508921cc7239f8c8e66a58",
                "sha256:8499ca8f4502af841f68135133d8258f7b32a53a1d594aa98cc52013fff55678",
                "sha256:84c3990934bae40ea69a82034912ffe5a62c60bbf6ec5bc9691419641d7d5c9a",
                "sha256:87701167f2a5c930b403e9756fab1d31d4d4da52856143b609e30a1ce7160f3c",
                "sha256:88600c72ef7587fe1708fd242b385b6ed4b8904976d5da0893e31df8b3480cb6",
                "sha256:8ac7b6a045b814cf0c47f3623d21ebd88b3e8cf216a14790b455ea7ff0135d18",
                "sha256:8b8af03d2e37866d023ad0ddea594edefc31e827fee64f8de5611a1dbc373174",
                "sha256:8c7fe7afa480e3e82eed58e0ca89f751cd14d767638e2550c77a92a9e749c317",
                "sha256:8eade758719add78ec36dc13201483f8e9b5d940329285edcd5f70c0a9edbd7f",
                "sha256:911d8a40b2bef5b8bbae2e36a0b103f142ac53557ab421dc16ac4aafee6f53dc",
                "sha256:93ad6d87ac18e2a90b0fe89df7c65263b9a99a0eb98f0a3d2e079f12a0735837",
                "sha256:95dea361dd73757c6f1c0a1480ac499952c16ac83f7f5f4f84f0658a01b8ef41",
                "sha256:9ab77acb98eba3fd2a85cd160851816bfce6871d944d885febf012713f06659c",
                "sha256:9cb3032517f1627cc012dbc80a8ec976ae76d93ea2b5feaa9d2a5b8882597579",
                "sha256:9cf4e8ad252f7c38dd1f676b46514f92dc0ebeb0db5552f5f403509705e24753",
                "sha256:9d9153257a3f70d5f69edf2325357251ed20f772b12e593f3b3377b5f78e7ef8",
                "sha256:a152f5f33d64a6be73f1d30c9cc82dfc73cec6477ec268e7c6e4c7d23c2d2291",
                "sha256:a16418ecf1329f71df119e8a65f3aa68004a3f9383821edcb20f0702934d8087",
                "sha256:a60332922359f920193b1d4826953c507a877b523b2395ad7bc716ddd386d866",
                "sha256:a8d0fc946c784ff7f7c3742310cc8a57c5c6dc31631269876a88b809dbeff3d3",
                "sha256:ab5de034a886f616a5668aa5d098af2b5385ed70142090e2a31bcbd0af0fdb3d",
                "sha256:c22d3fe05ce11d3671297dc8973267daa0f938b93ec716e12e0f6dee81591dc1",
                "sha256:c2ac1b08635a8cd4e0cbeaf6f5e922085908d48eb05d44c5ae9eabab148512ca",
                "sha256:c512accbd6ff0270939b9ac214b84fb5ada5f0409c44298361b2f5e13f9aed9e",
                "sha256:c75ffc45f25324e68ab238cb4b5c0a38cd1c3d7f1fb1f72b5541de469e2247db",
                "sha256:c95a03c79bbe30eec3ec2b7f076074f4281526724c8685a42872974ef4d36b72",
                "sha256:cadaeaba78750d58d3cc6ac4d1fd867da6fc73c88156b7a3212a3cd4819d679d",
                "sha256:cd6056167405314a4dc3c173943f11249fa0f1b204f8b51ed4bde1a9cd1834dc",
                "sha256:db72b07027db150f468fbada4d85b3b2729a3db39178abf5c543b784c1254539",
                "sha256:df2c707231459e8a4028eabcd3cfc827befd635b3ef72eada84ab13b52e1574d",
                "sha256:e62164b50f84e20601c1ff8eb55620d2ad25fb81b59e3cd776a1902527a788af",
                "sha256:e696f0dd336161fca9adbb846875d40752e6eba585843c768935ba5c9960722b",
                "sha256:eaa379fcd227ca235d04152ca6704c7cb55564116f8bc52545ff357628e10602",
                "sha256:ebea339af930f8ca5d7a699b921106c6e29c617fe9606fa7baa043c1cdae326f",
                "sha256:f4c39b0e3eac288fedc2b43055cfc2ca7a60362d0e5e87a637beac5d801ef478",
                "sha256:f5057856d21e7586765171eac8b9fc3f7d44ef39425f85dbcccb13b3ebea806c",
                "sha256:f6f45710b4459401609ebebdbcfb34515da4fc2aa886f95107f556ac69a9147e",
                "sha256:f97e83fa6c25693c7a35de154681fcc257c1c41b38beb0304b9c4d2d9e164479",
                "sha256:f9d0c5c045a3ca9bedfc35dca8526798eb91a07aa7a2c0fee134c6c6f321cbd7",
                "sha256:ff6f3db31555657f3163b15a6b7c6938d08df7adbfc9dd13d9d19edad678f1e8"
            ],
            "version": "==3.0.1"
        },
        "idna": {
            "hashes": [
                "sha256:814f528e8dead7d329833b91c5faa87d60bf71824cd12a7530b5526063d02cb4",
                "sha256:90b77e79eaa3eba6de819a0c442c0b4ceefc341a7a2ab77d7562bf49f425c5c2"
            ],
            "markers": "python_version >= '3.5'",
            "version": "==3.4"
        },
        "idun-guardian-client": {
            "hashes": [
                "sha256:4086c97c49c8fe368081e0f5dc7b54a5faa2753e7fd242a68cdb664fedbb3ab1",
                "sha256:db0574cbba6343cbea45a4518d342748ef20d27e97d586f1d17c27740031b26e"
            ],
            "index": "pypi",
            "version": "==0.1.0"
        },
        "numpy": {
            "hashes": [
                "sha256:01dd17cbb340bf0fc23981e52e1d18a9d4050792e8fb8363cecbf066a84b827d",
                "sha256:06005a2ef6014e9956c09ba07654f9837d9e26696a0470e42beedadb78c11b07",
                "sha256:09b7847f7e83ca37c6e627682f145856de331049013853f344f37b0c9690e3df",
                "sha256:0aaee12d8883552fadfc41e96b4c82ee7d794949e2a7c3b3a7201e968c7ecab9",
                "sha256:0cbe9848fad08baf71de1a39e12d1b6310f1d5b2d0ea4de051058e6e1076852d",
                "sha256:1b1766d6f397c18153d40015ddfc79ddb715cabadc04d2d228d4e5a8bc4ded1a",
                "sha256:33161613d2269025873025b33e879825ec7b1d831317e68f4f2f0f84ed14c719",
                "sha256:5039f55555e1eab31124a5768898c9e22c25a65c1e0037f4d7c495a45778c9f2",
                "sha256:522e26bbf6377e4d76403826ed689c295b0b238f46c28a7251ab94716da0b280",
                "sha256:56e454c7833e94ec9769fa0f86e6ff8e42ee38ce0ce1fa4cbb747ea7e06d56aa",
                "sha256:58f545efd1108e647604a1b5aa809591ccd2540f468a880bedb97247e72db387",
                "sha256:5e05b1c973a9f858c74367553e236f287e749465f773328c8ef31abe18f691e1",
                "sha256:7903ba8ab592b82014713c491f6c5d3a1cde5b4a3bf116404e08f5b52f6daf43",
                "sha256:8969bfd28e85c81f3f94eb4a66bc2cf1dbdc5c18efc320af34bffc54d6b1e38f",
                "sha256:92c8c1e89a1f5028a4c6d9e3ccbe311b6ba53694811269b992c0b224269e2398",
                "sha256:9c88793f78fca17da0145455f0d7826bcb9f37da4764af27ac945488116efe63",
                "sha256:a7ac231a08bb37f852849bbb387a20a57574a97cfc7b6cabb488a4fc8be176de",
                "sha256:abdde9f795cf292fb9651ed48185503a2ff29be87770c3b8e2a14b0cd7aa16f8",
                "sha256:af1da88f6bc3d2338ebbf0e22fe487821ea4d8e89053e25fa59d1d79786e7481",
                "sha256:b2a9ab7c279c91974f756c84c365a669a887efa287365a8e2c418f8b3ba73fb0",
                "sha256:bf837dc63ba5c06dc8797c398db1e223a466c7ece27a1f7b5232ba3466aafe3d",
                "sha256:ca51fcfcc5f9354c45f400059e88bc09215fb71a48d3768fb80e357f3b457e1e",
                "sha256:ce571367b6dfe60af04e04a1834ca2dc5f46004ac1cc756fb95319f64c095a96",
                "sha256:d208a0f8729f3fb790ed18a003f3a57895b989b40ea4dce4717e9cf4af62c6bb",
                "sha256:dbee87b469018961d1ad79b1a5d50c0ae850000b639bcb1b694e9981083243b6",
                "sha256:e9f4c4e51567b616be64e05d517c79a8a22f3606499941d97bb76f2ca59f982d",
                "sha256:f063b69b090c9d918f9df0a12116029e274daf0181df392839661c4c7ec9018a",
                "sha256:f9a909a8bae284d46bbfdefbdd4a262ba19d3bc9921b1e76126b1d21c3c34135"
            ],
            "markers": "python_version >= '3.8'",
            "version": "==1.23.5"
        },
        "pip": {
            "hashes": [
                "sha256:65fd48317359f3af8e593943e6ae1506b66325085ea64b706a998c6e83eeaf38",
                "sha256:908c78e6bc29b676ede1c4d57981d490cb892eb45cd8c214ab6298125119e077"
            ],
            "index": "pypi",
            "version": "==22.3.1"
        },
        "pycryptodome": {
            "hashes": [
                "sha256:045d75527241d17e6ef13636d845a12e54660aa82e823b3b3341bcf5af03fa79",
                "sha256:0926f7cc3735033061ef3cf27ed16faad6544b14666410727b31fea85a5b16eb",
                "sha256:092a26e78b73f2530b8bd6b3898e7453ab2f36e42fd85097d705d6aba2ec3e5e",
                "sha256:1b22bcd9ec55e9c74927f6b1f69843cb256fb5a465088ce62837f793d9ffea88",
                "sha256:2aa55aae81f935a08d5a3c2042eb81741a43e044bd8a81ea7239448ad751f763",
                "sha256:2ae53125de5b0d2c95194d957db9bb2681da8c24d0fb0fe3b056de2bcaf5d837",
                "sha256:2ea63d46157386c5053cfebcdd9bd8e0c8b7b0ac4a0507a027f5174929403884",
                "sha256:2ec709b0a58b539a4f9d33fb8508264c3678d7edb33a68b8906ba914f71e8c13",
                "sha256:2ffd8b31561455453ca9f62cb4c24e6b8d119d6d531087af5f14b64bee2c23e6",
                "sha256:4b52cb18b0ad46087caeb37a15e08040f3b4c2d444d58371b6f5d786d95534c2",
                "sha256:4c3ccad74eeb7b001f3538643c4225eac398c77d617ebb3e57571a897943c667",
                "sha256:5099c9ca345b2f252f0c28e96904643153bae9258647585e5e6f649bb7a1844a",
                "sha256:50ca7e587b8e541eb6c192acf92449d95377d1f88908c0a32ac5ac2703ebe28b",
                "sha256:57f565acd2f0cf6fb3e1ba553d0cb1f33405ec1f9c5ded9b9a0a5320f2c0bd3d",
                "sha256:60b4faae330c3624cc5a546ba9cfd7b8273995a15de94ee4538130d74953ec2e",
                "sha256:7c9ed8aa31c146bef65d89a1b655f5f4eab5e1120f55fc297713c89c9e56ff0b",
                "sha256:7e3a8f6ee405b3bd1c4da371b93c31f7027944b2bcce0697022801db93120d83",
                "sha256:9135dddad504592bcc18b0d2d95ce86c3a5ea87ec6447ef25cfedea12d6018b8",
                "sha256:9c772c485b27967514d0df1458b56875f4b6d025566bf27399d0c239ff1b369f",
                "sha256:9eaadc058106344a566dc51d3d3a758ab07f8edde013712bc8d22032a86b264f",
                "sha256:9ee40e2168f1348ae476676a2e938ca80a2f57b14a249d8fe0d3cdf803e5a676",
                "sha256:a8f06611e691c2ce45ca09bbf983e2ff2f8f4f87313609d80c125aff9fad6e7f",
                "sha256:b9c5b1a1977491533dfd31e01550ee36ae0249d78aae7f632590db833a5012b8",
                "sha256:b9cc96e274b253e47ad33ae1fccc36ea386f5251a823ccb50593a935db47fdd2",
                "sha256:c3640deff4197fa064295aaac10ab49a0d55ef3d6a54ae1499c40d646655c89f",
                "sha256:c77126899c4b9c9827ddf50565e93955cb3996813c18900c16b2ea0474e130e9",
                "sha256:d2a39a66057ab191e5c27211a7daf8f0737f23acbf6b3562b25a62df65ffcb7b",
                "sha256:e244ab85c422260de91cda6379e8e986405b4f13dc97d2876497178707f87fc1",
                "sha256:eb6fce570869e70cc8ebe68eaa1c26bed56d40ad0f93431ee61d400525433c54",
                "sha256:ecaaef2d21b365d9c5ca8427ffc10cebed9d9102749fd502218c23cb9a05feb5",
                "sha256:fd2184aae6ee2a944aaa49113e6f5787cdc5e4db1eb8edb1aea914bd75f33a0c",
                "sha256:ff287bcba9fbeb4f1cccc1f2e90a08d691480735a611ee83c80a7d74ad72b9d9",
                "sha256:ff7ae90e36c1715a54446e7872b76102baa5c63aa980917f4aa45e8c78d1a3ec"
            ],
            "markers": "python_version >= '2.7' and python_version not in '3.0, 3.1, 3.2, 3.3, 3.4'",
            "version": "==3.15.0"
        },
        "pydantic": {
            "hashes": [
                "sha256:05a81b006be15655b2a1bae5faa4280cf7c81d0e09fcb49b342ebf826abe5a72",
                "sha256:0b53e1d41e97063d51a02821b80538053ee4608b9a181c1005441f1673c55423",
                "sha256:2b3ce5f16deb45c472dde1a0ee05619298c864a20cded09c4edd820e1454129f",
                "sha256:2e82a6d37a95e0b1b42b82ab340ada3963aea1317fd7f888bb6b9dfbf4fff57c",
                "sha256:301d626a59edbe5dfb48fcae245896379a450d04baeed50ef40d8199f2733b06",
                "sha256:39f4a73e5342b25c2959529f07f026ef58147249f9b7431e1ba8414a36761f53",
                "sha256:4948f264678c703f3877d1c8877c4e3b2e12e549c57795107f08cf70c6ec7774",
                "sha256:4b05697738e7d2040696b0a66d9f0a10bec0efa1883ca75ee9e55baf511909d6",
                "sha256:51bdeb10d2db0f288e71d49c9cefa609bca271720ecd0c58009bd7504a0c464c",
                "sha256:55b1625899acd33229c4352ce0ae54038529b412bd51c4915349b49ca575258f",
                "sha256:572066051eeac73d23f95ba9a71349c42a3e05999d0ee1572b7860235b850cc6",
                "sha256:6a05a9db1ef5be0fe63e988f9617ca2551013f55000289c671f71ec16f4985e3",
                "sha256:6dc1cc241440ed7ca9ab59d9929075445da6b7c94ced281b3dd4cfe6c8cff817",
                "sha256:6e7124d6855b2780611d9f5e1e145e86667eaa3bd9459192c8dc1a097f5e9903",
                "sha256:75d52162fe6b2b55964fbb0af2ee58e99791a3138588c482572bb6087953113a",
                "sha256:78cec42b95dbb500a1f7120bdf95c401f6abb616bbe8785ef09887306792e66e",
                "sha256:7feb6a2d401f4d6863050f58325b8d99c1e56f4512d98b11ac64ad1751dc647d",
                "sha256:8775d4ef5e7299a2f4699501077a0defdaac5b6c4321173bcb0f3c496fbadf85",
                "sha256:887ca463c3bc47103c123bc06919c86720e80e1214aab79e9b779cda0ff92a00",
                "sha256:9193d4f4ee8feca58bc56c8306bcb820f5c7905fd919e0750acdeeeef0615b28",
                "sha256:983e720704431a6573d626b00662eb78a07148c9115129f9b4351091ec95ecc3",
                "sha256:990406d226dea0e8f25f643b370224771878142155b879784ce89f633541a024",
                "sha256:9cbdc268a62d9a98c56e2452d6c41c0263d64a2009aac69246486f01b4f594c4",
                "sha256:a48f1953c4a1d9bd0b5167ac50da9a79f6072c63c4cef4cf2a3736994903583e",
                "sha256:a9a6747cac06c2beb466064dda999a13176b23535e4c496c9d48e6406f92d42d",
                "sha256:a9f2de23bec87ff306aef658384b02aa7c32389766af3c5dee9ce33e80222dfa",
                "sha256:b5635de53e6686fe7a44b5cf25fcc419a0d5e5c1a1efe73d49d48fe7586db854",
                "sha256:b6f9d649892a6f54a39ed56b8dfd5e08b5f3be5f893da430bed76975f3735d15",
                "sha256:b9a3859f24eb4e097502a3be1fb4b2abb79b6103dd9e2e0edb70613a4459a648",
                "sha256:cd8702c5142afda03dc2b1ee6bc358b62b3735b2cce53fc77b31ca9f728e4bc8",
                "sha256:d7b5a3821225f5c43496c324b0d6875fde910a1c2933d726a743ce328fbb2a8c",
                "sha256:d88c4c0e5c5dfd05092a4b271282ef0588e5f4aaf345778056fc5259ba098857",
                "sha256:eb992a1ef739cc7b543576337bebfc62c0e6567434e522e97291b251a41dad7f",
                "sha256:f2f7eb6273dd12472d7f218e1fef6f7c7c2f00ac2e1ecde4db8824c457300416",
                "sha256:fdf88ab63c3ee282c76d652fc86518aacb737ff35796023fae56a65ced1a5978",
                "sha256:fdf8d759ef326962b4678d89e275ffc55b7ce59d917d9f72233762061fd04a2d"
            ],
            "markers": "python_version >= '3.7'",
            "version": "==1.10.4"
        },
        "pyobjc-core": {
            "hashes": [
                "sha256:0accc653501a655f66c13f149a1d3d30e6cb65824edf852f7960a00c4f930d5b",
                "sha256:21f92e231a4bae7f2d160d065f5afbf5e859a1e37f29d34ac12592205fc8c108",
                "sha256:315334dd09781129af6a39641248891c4caa57043901750b0139c6614ce84ec0",
                "sha256:872c0202c911a5a2f1269261c168e36569f6ddac17e5d854ac19e581726570cc",
                "sha256:b62dcf987cc511188fc2aa5b4d3b9fd895361ea4984380463497ce4b0752ddf4",
                "sha256:f7b2f6b6f3caeb882c658fe0c7098be2e8b79893d84daa8e636cb3e58a07df00",
                "sha256:f82b32affc898e9e5af041c1cecde2c99f2ce160b87df77f678c99f1550a4655",
                "sha256:f8592a12de076c27006700c4a46164478564fa33d7da41e7cbdd0a3bf9ddbccf"
            ],
            "markers": "platform_system == 'Darwin'",
            "version": "==8.5.1"
        },
        "pyobjc-framework-cocoa": {
            "hashes": [
                "sha256:063683b57e4bd88cb0f9631ae65d25ec4eecf427d2fe8d0c578f88da9c896f3f",
                "sha256:7733a9a201df9e0cc2a0cf7bf54d76bd7981cba9b599353b243e3e0c9eefec10",
                "sha256:88f08f5bd94c66d373d8413c1d08218aff4cff0b586e0cc4249b2284023e7577",
                "sha256:8f8806ddfac40620fb27f185d0f8937e69e330617319ecc2eccf6b9c8451bdd1",
                "sha256:9a3de5cdb4644e85daf53f2ed912ef6c16ea5804a9e65552eafe62c2e139eb8c",
                "sha256:aa572acc2628488a47be8d19f4701fc96fce7377cc4da18316e1e08c3918521a",
                "sha256:cb3ae21c8d81b7f02a891088c623cef61bca89bd671eff58c632d2f926b649f3",
                "sha256:f0ab227f99d3e25dd3db73f8cde0999914a5f0dd6a08600349d25f95eaa0da63"
            ],
            "markers": "python_version >= '3.6'",
            "version": "==8.5.1"
        },
        "pyobjc-framework-corebluetooth": {
            "hashes": [
                "sha256:2167f22886beb5b3ae69e475e055403f28eab065c49a25e2b98b050b483be799",
                "sha256:aa9587a36eca143701731e8bb6c369148f8cc48c28168d41e7323828e5117f2d",
                "sha256:b4f621fc3b5bf289db58e64fd746773b18297f87a0ffc5502de74f69133301c1",
                "sha256:bc720f2987a4d28dc73b13146e7c104d717100deb75c244da68f1d0849096661"
            ],
            "markers": "platform_system == 'Darwin'",
            "version": "==8.5.1"
        },
        "pyobjc-framework-libdispatch": {
            "hashes": [
                "sha256:066fb34fceb326307559104d45532ec2c7b55426f9910b70dbefd5d1b8fd530f",
                "sha256:1ad9aa4773ff1d89bf4385c081824c4f8708b50e3ac2fe0a9d590153242c0f67",
                "sha256:73226e224436eb6383e7a8a811c90ed597995adb155b4f46d727881a383ac550",
                "sha256:76208d9d2b0071df2950800495ac0300360bb5f25cbe9ab880b65cb809764979",
                "sha256:7730a29e4d9c7d8c2e8d9ffb60af0ab6699b2186296d2bff0a2dd54527578bc3",
                "sha256:81e1833bd26f15930faba678f9efdffafc79ec04e2ea8b6d1b88cafc0883af97",
                "sha256:a316646ab30ba2a97bc828f8e27e7bb79efdf993d218a9c5118396b4f81dc762",
                "sha256:d115355ce446fc073c75cedfd7ab0a13958adda8e3a3b1e421e1f1e5f65640da"
            ],
            "markers": "platform_system == 'Darwin'",
            "version": "==8.5.1"
        },
        "python-dotenv": {
            "hashes": [
                "sha256:1c93de8f636cde3ce377292818d0e440b6e45a82f215c3744979151fa8151c49",
                "sha256:41e12e0318bebc859fcc4d97d4db8d20ad21721a6aa5047dd59f090391cb549a"
            ],
            "markers": "python_version >= '3.7'",
            "version": "==0.21.1"
        },
        "requests": {
            "hashes": [
                "sha256:64299f4909223da747622c030b781c0d7811e359c37124b4bd368fb8c6518baa",
                "sha256:98b1b2782e3c6c4904938b84c0eb932721069dfdb9134313beff7c83c2df24bf"
            ],
            "markers": "python_version >= '3.7' and python_version < '4'",
            "version": "==2.28.2"
        },
        "typing-extensions": {
            "hashes": [
                "sha256:1511434bb92bf8dd198c12b1cc812e800d4181cfcb867674e0f8279cc93087aa",
                "sha256:16fa4864408f655d35ec496218b85f79b3437c829e93320c7c9215ccfd92489e"
            ],
            "markers": "python_version >= '3.7'",
            "version": "==4.4.0"
        },
        "urllib3": {
            "hashes": [
                "sha256:076907bf8fd355cde77728471316625a4d2f7e713c125f51953bb5b3eecf4f72",
                "sha256:75edcdc2f7d85b137124a6c3c9fc3933cdeaa12ecb9a6a959f22797a0feca7e1"
            ],
            "markers": "python_version >= '2.7' and python_version not in '3.0, 3.1, 3.2, 3.3, 3.4, 3.5'",
            "version": "==1.26.14"
        },
        "websockets": {
            "hashes": [
                "sha256:00213676a2e46b6ebf6045bc11d0f529d9120baa6f58d122b4021ad92adabd41",
                "sha256:00c870522cdb69cd625b93f002961ffb0c095394f06ba8c48f17eef7c1541f96",
                "sha256:0154f7691e4fe6c2b2bc275b5701e8b158dae92a1ab229e2b940efe11905dff4",
                "sha256:05a7233089f8bd355e8cbe127c2e8ca0b4ea55467861906b80d2ebc7db4d6b72",
                "sha256:09a1814bb15eff7069e51fed0826df0bc0702652b5cb8f87697d469d79c23576",
                "sha256:0cff816f51fb33c26d6e2b16b5c7d48eaa31dae5488ace6aae468b361f422b63",
                "sha256:185929b4808b36a79c65b7865783b87b6841e852ef5407a2fb0c03381092fa3b",
                "sha256:2fc8709c00704194213d45e455adc106ff9e87658297f72d544220e32029cd3d",
                "sha256:33d69ca7612f0ddff3316b0c7b33ca180d464ecac2d115805c044bf0a3b0d032",
                "sha256:389f8dbb5c489e305fb113ca1b6bdcdaa130923f77485db5b189de343a179393",
                "sha256:38ea7b82bfcae927eeffc55d2ffa31665dc7fec7b8dc654506b8e5a518eb4d50",
                "sha256:3d3cac3e32b2c8414f4f87c1b2ab686fa6284a980ba283617404377cd448f631",
                "sha256:40e826de3085721dabc7cf9bfd41682dadc02286d8cf149b3ad05bff89311e4f",
                "sha256:4239b6027e3d66a89446908ff3027d2737afc1a375f8fd3eea630a4842ec9a0c",
                "sha256:45ec8e75b7dbc9539cbfafa570742fe4f676eb8b0d3694b67dabe2f2ceed8aa6",
                "sha256:47a2964021f2110116cc1125b3e6d87ab5ad16dea161949e7244ec583b905bb4",
                "sha256:48c08473563323f9c9debac781ecf66f94ad5a3680a38fe84dee5388cf5acaf6",
                "sha256:4c6d2264f485f0b53adf22697ac11e261ce84805c232ed5dbe6b1bcb84b00ff0",
                "sha256:4f72e5cd0f18f262f5da20efa9e241699e0cf3a766317a17392550c9ad7b37d8",
                "sha256:56029457f219ade1f2fc12a6504ea61e14ee227a815531f9738e41203a429112",
                "sha256:5c1289596042fad2cdceb05e1ebf7aadf9995c928e0da2b7a4e99494953b1b94",
                "sha256:62e627f6b6d4aed919a2052efc408da7a545c606268d5ab5bfab4432734b82b4",
                "sha256:74de2b894b47f1d21cbd0b37a5e2b2392ad95d17ae983e64727e18eb281fe7cb",
                "sha256:7c584f366f46ba667cfa66020344886cf47088e79c9b9d39c84ce9ea98aaa331",
                "sha256:7d27a7e34c313b3a7f91adcd05134315002aaf8540d7b4f90336beafaea6217c",
                "sha256:7d3f0b61c45c3fa9a349cf484962c559a8a1d80dae6977276df8fd1fa5e3cb8c",
                "sha256:82ff5e1cae4e855147fd57a2863376ed7454134c2bf49ec604dfe71e446e2193",
                "sha256:84bc2a7d075f32f6ed98652db3a680a17a4edb21ca7f80fe42e38753a58ee02b",
                "sha256:884be66c76a444c59f801ac13f40c76f176f1bfa815ef5b8ed44321e74f1600b",
                "sha256:8a5cc00546e0a701da4639aa0bbcb0ae2bb678c87f46da01ac2d789e1f2d2038",
                "sha256:8dc96f64ae43dde92530775e9cb169979f414dcf5cff670455d81a6823b42089",
                "sha256:8f38706e0b15d3c20ef6259fd4bc1700cd133b06c3c1bb108ffe3f8947be15fa",
                "sha256:90fcf8929836d4a0e964d799a58823547df5a5e9afa83081761630553be731f9",
                "sha256:931c039af54fc195fe6ad536fde4b0de04da9d5916e78e55405436348cfb0e56",
                "sha256:932af322458da7e4e35df32f050389e13d3d96b09d274b22a7aa1808f292fee4",
                "sha256:942de28af58f352a6f588bc72490ae0f4ccd6dfc2bd3de5945b882a078e4e179",
                "sha256:9bc42e8402dc5e9905fb8b9649f57efcb2056693b7e88faa8fb029256ba9c68c",
                "sha256:a7a240d7a74bf8d5cb3bfe6be7f21697a28ec4b1a437607bae08ac7acf5b4882",
                "sha256:a9f9a735deaf9a0cadc2d8c50d1a5bcdbae8b6e539c6e08237bc4082d7c13f28",
                "sha256:ae5e95cfb53ab1da62185e23b3130e11d64431179debac6dc3c6acf08760e9b1",
                "sha256:b029fb2032ae4724d8ae8d4f6b363f2cc39e4c7b12454df8df7f0f563ed3e61a",
                "sha256:b0d15c968ea7a65211e084f523151dbf8ae44634de03c801b8bd070b74e85033",
                "sha256:b343f521b047493dc4022dd338fc6db9d9282658862756b4f6fd0e996c1380e1",
                "sha256:b627c266f295de9dea86bd1112ed3d5fafb69a348af30a2422e16590a8ecba13",
                "sha256:b9968694c5f467bf67ef97ae7ad4d56d14be2751000c1207d31bf3bb8860bae8",
                "sha256:ba089c499e1f4155d2a3c2a05d2878a3428cf321c848f2b5a45ce55f0d7d310c",
                "sha256:bbccd847aa0c3a69b5f691a84d2341a4f8a629c6922558f2a70611305f902d74",
                "sha256:bc0b82d728fe21a0d03e65f81980abbbcb13b5387f733a1a870672c5be26edab",
                "sha256:c57e4c1349fbe0e446c9fa7b19ed2f8a4417233b6984277cce392819123142d3",
                "sha256:c94ae4faf2d09f7c81847c63843f84fe47bf6253c9d60b20f25edfd30fb12588",
                "sha256:c9b27d6c1c6cd53dc93614967e9ce00ae7f864a2d9f99fe5ed86706e1ecbf485",
                "sha256:d210abe51b5da0ffdbf7b43eed0cfdff8a55a1ab17abbec4301c9ff077dd0342",
                "sha256:d58804e996d7d2307173d56c297cf7bc132c52df27a3efaac5e8d43e36c21c48",
                "sha256:d6a4162139374a49eb18ef5b2f4da1dd95c994588f5033d64e0bbfda4b6b6fcf",
                "sha256:da39dd03d130162deb63da51f6e66ed73032ae62e74aaccc4236e30edccddbb0",
                "sha256:db3c336f9eda2532ec0fd8ea49fef7a8df8f6c804cdf4f39e5c5c0d4a4ad9a7a",
                "sha256:dd500e0a5e11969cdd3320935ca2ff1e936f2358f9c2e61f100a1660933320ea",
                "sha256:dd9becd5fe29773d140d68d607d66a38f60e31b86df75332703757ee645b6faf",
                "sha256:e0cb5cc6ece6ffa75baccfd5c02cffe776f3f5c8bf486811f9d3ea3453676ce8",
                "sha256:e23173580d740bf8822fd0379e4bf30aa1d5a92a4f252d34e893070c081050df",
                "sha256:e3a686ecb4aa0d64ae60c9c9f1a7d5d46cab9bfb5d91a2d303d00e2cd4c4c5cc",
                "sha256:e789376b52c295c4946403bd0efecf27ab98f05319df4583d3c48e43c7342c2f",
                "sha256:edc344de4dac1d89300a053ac973299e82d3db56330f3494905643bb68801269",
                "sha256:eef610b23933c54d5d921c92578ae5f89813438fded840c2e9809d378dc765d3",
                "sha256:f2c38d588887a609191d30e902df2a32711f708abfd85d318ca9b367258cfd0c",
                "sha256:f55b5905705725af31ccef50e55391621532cd64fbf0bc6f4bac935f0fccec46",
                "sha256:f5fc088b7a32f244c519a048c170f14cf2251b849ef0e20cbbb0fdf0fdaf556f",
                "sha256:fe10ddc59b304cb19a1bdf5bd0a7719cbbc9fbdd57ac80ed436b709fcf889106",
                "sha256:ff64a1d38d156d429404aaa84b27305e957fd10c30e5880d1765c9480bea490f"
            ],
            "markers": "python_version >= '3.7'",
            "version": "==10.4"
        }
    },
    "develop": {}
}
